
Microsoft Visual Studio Solution File, Format Version 12.00
# Visual Studio Version 17
VisualStudioVersion = 17.14.36623.8 d17.14
MinimumVisualStudioVersion = 10.0.40219.1
Project("{FAE04EC0-301F-11D3-BF4B-00C04F79EFBC}") = "FCG_NOTIFICATIONSAPI", "FCG_NOTIFICATIONSAPI\FCG_NOTIFICATIONSAPI.csproj", "{4259185B-F1E7-4136-B81F-B9159A8B7322}"
EndProject
Global
	GlobalSection(SolutionConfigurationPlatforms) = preSolution
		Debug|Any CPU = Debug|Any CPU
		Release|Any CPU = Release|Any CPU
	EndGlobalSection
	GlobalSection(ProjectConfigurationPlatforms) = postSolution
		{4259185B-F1E7-4136-B81F-B9159A8B7322}.Debug|Any CPU.ActiveCfg = Debug|Any CPU
		{4259185B-F1E7-4136-B81F-B9159A8B7322}.Debug|Any CPU.Build.0 = Debug|Any CPU
		{4259185B-F1E7-4136-B81F-B9159A8B7322}.Release|Any CPU.ActiveCfg = Release|Any CPU
		{4259185B-F1E7-4136-B81F-B9159A8B7322}.Release|Any CPU.Build.0 = Release|Any CPU
	EndGlobalSection
	GlobalSection(SolutionProperties) = preSolution
		HideSolutionNode = FALSE
	EndGlobalSection
	GlobalSection(ExtensibilityGlobals) = postSolution
		SolutionGuid = {39D455EA-D9D8-4756-8C73-7F7B81571581}
	EndGlobalSection
EndGlobal
